
Microsoft Visual Studio Solution File, Format Version 12.00
# Visual Studio Version 16
VisualStudioVersion = 16.0.31729.503
MinimumVisualStudioVersion = 10.0.40219.1
Project("{FAE04EC0-301F-11D3-BF4B-00C04F79EFBC}") = "SalesWebMvc", "SalesWebMvc\SalesWebMvc.csproj", "{DB22AA3B-D2D3-4CBF-A696-EDA64DC7BFDF}"
EndProject
Global
	GlobalSection(SolutionConfigurationPlatforms) = preSolution
		Debug|Any CPU = Debug|Any CPU
		Release|Any CPU = Release|Any CPU
	EndGlobalSection
	GlobalSection(ProjectConfigurationPlatforms) = postSolution
		{DB22AA3B-D2D3-4CBF-A696-EDA64DC7BFDF}.Debug|Any CPU.ActiveCfg = Debug|Any CPU
		{DB22AA3B-D2D3-4CBF-A696-EDA64DC7BFDF}.Debug|Any CPU.Build.0 = Debug|Any CPU
		{DB22AA3B-D2D3-4CBF-A696-EDA64DC7BFDF}.Release|Any CPU.ActiveCfg = Release|Any CPU
		{DB22AA3B-D2D3-4CBF-A696-EDA64DC7BFDF}.Release|Any CPU.Build.0 = Release|Any CPU
	EndGlobalSection
	GlobalSection(SolutionProperties) = preSolution
		HideSolutionNode = FALSE
	EndGlobalSection
	GlobalSection(ExtensibilityGlobals) = postSolution
		SolutionGuid = {22278A11-000B-4CD7-9224-AB066ABE8320}
	EndGlobalSection
EndGlobal
